<?xml version="1.0" encoding="utf-8"?>
<Project ToolsVersion="4.0" xmlns="http://schemas.microsoft.com/developer/msbuild/2003">
  <ItemGroup>
    <Filter Include="Source Files">
      <UniqueIdentifier>{4FC737F1-C7A5-4376-A066-2A32D752A2FF}</UniqueIdentifier>
      <Extensions>cpp;c;cc;cxx;def;odl;idl;hpj;bat;asm;asmx</Extensions>
    </Filter>
    <Filter Include="Header Files">
      <UniqueIdentifier>{93995380-89BD-4b04-88EB-625FBE52EBFB}</UniqueIdentifier>
      <Extensions>h;hpp;hxx;hm;inl;inc;xsd</Extensions>
    </Filter>
    <Filter Include="ClassDiagrams">
      <UniqueIdentifier>{952183ce-0e22-40d0-b9df-0b91f97119a9}</UniqueIdentifier>
    </Filter>
  </ItemGroup>
  <ItemGroup>
    <ClCompile Include="source\ALSbaseClass.cpp">
      <Filter>Source Files</Filter>
    </ClCompile>
    <ClCompile Include="source\alsPrxI2cIo.cpp">
      <Filter>Source Files</Filter>
    </ClCompile>
    <ClCompile Include="source\avgStats.cpp">
      <Filter>Source Files</Filter>
    </ClCompile>
    <ClCompile Include="source\cApi.cpp">
      <Filter>Source Files</Filter>
    </ClCompile>
    <ClCompile Include="source\ISL29011.cpp">
      <Filter>Source Files</Filter>
    </ClCompile>
    <ClCompile Include="source\ISL29020.cpp">
      <Filter>Source Files</Filter>
    </ClCompile>
    <ClCompile Include="source\ISL29023.cpp">
      <Filter>Source Files</Filter>
    </ClCompile>
    <ClCompile Include="source\ISL29025.cpp">
      <Filter>Source Files</Filter>
    </ClCompile>
    <ClCompile Include="source\ISL29028.cpp">
      <Filter>Source Files</Filter>
    </ClCompile>
    <ClCompile Include="source\ISL29028.jdsu.cpp">
      <Filter>Source Files</Filter>
    </ClCompile>
    <ClCompile Include="source\ISL29030.cpp">
      <Filter>Source Files</Filter>
    </ClCompile>
    <ClCompile Include="source\ISL29032.cpp">
      <Filter>Source Files</Filter>
    </ClCompile>
    <ClCompile Include="source\ISL29033.cpp">
      <Filter>Source Files</Filter>
    </ClCompile>
    <ClCompile Include="source\ISL29035.cpp">
      <Filter>Source Files</Filter>
    </ClCompile>
    <ClCompile Include="source\ISL29036.cpp">
      <Filter>Source Files</Filter>
    </ClCompile>
    <ClCompile Include="source\ISL29038.cpp">
      <Filter>Source Files</Filter>
    </ClCompile>
    <ClCompile Include="source\ISL29120.cpp">
      <Filter>Source Files</Filter>
    </ClCompile>
    <ClCompile Include="source\ISL29125.cpp">
      <Filter>Source Files</Filter>
    </ClCompile>
    <ClCompile Include="source\ISL29147.cpp">
      <Filter>Source Files</Filter>
    </ClCompile>
    <ClCompile Include="source\ISL29177.cpp">
      <Filter>Source Files</Filter>
    </ClCompile>
    <ClCompile Include="source\ISL29200.cpp">
      <Filter>Source Files</Filter>
    </ClCompile>
    <ClCompile Include="source\ISL58334.cpp">
      <Filter>Source Files</Filter>
    </ClCompile>
    <ClCompile Include="source\resMgr.cpp">
      <Filter>Source Files</Filter>
    </ClCompile>
    <ClCompile Include="source\stateMachine.cpp">
      <Filter>Source Files</Filter>
    </ClCompile>
    <ClCompile Include="source\stdafx.cpp">
      <Filter>Source Files</Filter>
    </ClCompile>
    <ClCompile Include="source\test.cpp">
      <Filter>Source Files</Filter>
    </ClCompile>
    <ClCompile Include="source\TSL2771.cpp">
      <Filter>Source Files</Filter>
    </ClCompile>
  </ItemGroup>
  <ItemGroup>
    <None Include="source\registerDriver.def">
      <Filter>Source Files</Filter>
    </None>
    <None Include="source\registerDriver.release.def">
      <Filter>Source Files</Filter>
    </None>
    <None Include="doc\formal\stateMachine.cd">
      <Filter>ClassDiagrams</Filter>
    </None>
    <None Include="ClassDiagram1.cd" />
  </ItemGroup>
  <ItemGroup>
    <ClInclude Include="source\ALSbaseClass.h">
      <Filter>Header Files</Filter>
    </ClInclude>
    <ClInclude Include="source\alsPrxI2cIo.h">
      <Filter>Header Files</Filter>
    </ClInclude>
    <ClInclude Include="source\alsPrxTypes.h">
      <Filter>Header Files</Filter>
    </ClInclude>
    <ClInclude Include="source\avgStats.h">
      <Filter>Header Files</Filter>
    </ClInclude>
    <ClInclude Include="source\cApi.h">
      <Filter>Header Files</Filter>
    </ClInclude>
    <ClInclude Include="source\emulator.h">
      <Filter>Header Files</Filter>
    </ClInclude>
    <ClInclude Include="source\ISL29011.h">
      <Filter>Header Files</Filter>
    </ClInclude>
    <ClInclude Include="source\ISL29020.h">
      <Filter>Header Files</Filter>
    </ClInclude>
    <ClInclude Include="source\ISL29023.h">
      <Filter>Header Files</Filter>
    </ClInclude>
    <ClInclude Include="source\ISL29025.h">
      <Filter>Header Files</Filter>
    </ClInclude>
    <ClInclude Include="source\ISL29028.h">
      <Filter>Header Files</Filter>
    </ClInclude>
    <ClInclude Include="source\ISL29028.jdsu.h">
      <Filter>Header Files</Filter>
    </ClInclude>
    <ClInclude Include="source\ISL29030.h">
      <Filter>Header Files</Filter>
    </ClInclude>
    <ClInclude Include="source\ISL29032.h">
      <Filter>Header Files</Filter>
    </ClInclude>
    <ClInclude Include="source\ISL29033.h">
      <Filter>Header Files</Filter>
    </ClInclude>
    <ClInclude Include="source\ISL29035.h">
      <Filter>Header Files</Filter>
    </ClInclude>
    <ClInclude Include="source\ISL29036.h">
      <Filter>Header Files</Filter>
    </ClInclude>
    <ClInclude Include="source\ISL29038.h">
      <Filter>Header Files</Filter>
    </ClInclude>
    <ClInclude Include="source\ISL29120.h">
      <Filter>Header Files</Filter>
    </ClInclude>
    <ClInclude Include="source\ISL29125.h">
      <Filter>Header Files</Filter>
    </ClInclude>
    <ClInclude Include="source\ISL29147.h">
      <Filter>Header Files</Filter>
    </ClInclude>
    <ClInclude Include="source\ISL29177.h">
      <Filter>Header Files</Filter>
    </ClInclude>
    <ClInclude Include="source\ISL29200.h">
      <Filter>Header Files</Filter>
    </ClInclude>
    <ClInclude Include="source\ISL58334.h">
      <Filter>Header Files</Filter>
    </ClInclude>
    <ClInclude Include="source\resMgr.h">
      <Filter>Header Files</Filter>
    </ClInclude>
    <ClInclude Include="source\stateMachine.h">
      <Filter>Header Files</Filter>
    </ClInclude>
    <ClInclude Include="source\stdafx.h">
      <Filter>Header Files</Filter>
    </ClInclude>
    <ClInclude Include="source\TSL2771.h">
      <Filter>Header Files</Filter>
    </ClInclude>
  </ItemGroup>
</Project>