
Microsoft Visual Studio Solution File, Format Version 12.00
# Visual Studio 2012
Project("{FAE04EC0-301F-11D3-BF4B-00C04F79EFBC}") = "ISL29177", "ISL29177\ISL29177.csproj", "{35AD749F-F5A1-41FD-9EAD-3314343612CE}"
	ProjectSection(ProjectDependencies) = postProject
		{9CAE6261-3E0A-4550-8C7A-DEE4B7E6E10B} = {9CAE6261-3E0A-4550-8C7A-DEE4B7E6E10B}
	EndProjectSection
EndProject
Project("{FAE04EC0-301F-11D3-BF4B-00C04F79EFBC}") = "IntersilLib", "IntersilLib\IntersilLib.csproj", "{9CAE6261-3E0A-4550-8C7A-DEE4B7E6E10B}"
EndProject
Project("{6141683F-8A12-4E36-9623-2EB02B2C2303}") = "Setup", "Setup\Setup.isproj", "{22BDB04D-7DEF-4D26-BB76-B184DBFB264F}"
	ProjectSection(ProjectDependencies) = postProject
		{9CAE6261-3E0A-4550-8C7A-DEE4B7E6E10B} = {9CAE6261-3E0A-4550-8C7A-DEE4B7E6E10B}
		{35AD749F-F5A1-41FD-9EAD-3314343612CE} = {35AD749F-F5A1-41FD-9EAD-3314343612CE}
	EndProjectSection
EndProject
Global
	GlobalSection(SolutionConfigurationPlatforms) = preSolution
		CD_ROM|Any CPU = CD_ROM|Any CPU
		CD_ROM|Mixed Platforms = CD_ROM|Mixed Platforms
		CD_ROM|x86 = CD_ROM|x86
		Debug|Any CPU = Debug|Any CPU
		Debug|Mixed Platforms = Debug|Mixed Platforms
		Debug|x86 = Debug|x86
		DVD-5|Any CPU = DVD-5|Any CPU
		DVD-5|Mixed Platforms = DVD-5|Mixed Platforms
		DVD-5|x86 = DVD-5|x86
		Release|Any CPU = Release|Any CPU
		Release|Mixed Platforms = Release|Mixed Platforms
		Release|x86 = Release|x86
		SingleImage|Any CPU = SingleImage|Any CPU
		SingleImage|Mixed Platforms = SingleImage|Mixed Platforms
		SingleImage|x86 = SingleImage|x86
	EndGlobalSection
	GlobalSection(ProjectConfigurationPlatforms) = postSolution
		{35AD749F-F5A1-41FD-9EAD-3314343612CE}.CD_ROM|Any CPU.ActiveCfg = Release|x86
		{35AD749F-F5A1-41FD-9EAD-3314343612CE}.CD_ROM|Mixed Platforms.ActiveCfg = Release|x86
		{35AD749F-F5A1-41FD-9EAD-3314343612CE}.CD_ROM|Mixed Platforms.Build.0 = Release|x86
		{35AD749F-F5A1-41FD-9EAD-3314343612CE}.CD_ROM|x86.ActiveCfg = Release|x86
		{35AD749F-F5A1-41FD-9EAD-3314343612CE}.CD_ROM|x86.Build.0 = Release|x86
		{35AD749F-F5A1-41FD-9EAD-3314343612CE}.Debug|Any CPU.ActiveCfg = Debug|x86
		{35AD749F-F5A1-41FD-9EAD-3314343612CE}.Debug|Mixed Platforms.ActiveCfg = Debug|x86
		{35AD749F-F5A1-41FD-9EAD-3314343612CE}.Debug|Mixed Platforms.Build.0 = Debug|x86
		{35AD749F-F5A1-41FD-9EAD-3314343612CE}.Debug|x86.ActiveCfg = Debug|x86
		{35AD749F-F5A1-41FD-9EAD-3314343612CE}.Debug|x86.Build.0 = Debug|x86
		{35AD749F-F5A1-41FD-9EAD-3314343612CE}.DVD-5|Any CPU.ActiveCfg = Debug|x86
		{35AD749F-F5A1-41FD-9EAD-3314343612CE}.DVD-5|Mixed Platforms.ActiveCfg = Debug|x86
		{35AD749F-F5A1-41FD-9EAD-3314343612CE}.DVD-5|Mixed Platforms.Build.0 = Debug|x86
		{35AD749F-F5A1-41FD-9EAD-3314343612CE}.DVD-5|x86.ActiveCfg = Debug|x86
		{35AD749F-F5A1-41FD-9EAD-3314343612CE}.DVD-5|x86.Build.0 = Debug|x86
		{35AD749F-F5A1-41FD-9EAD-3314343612CE}.Release|Any CPU.ActiveCfg = Release|x86
		{35AD749F-F5A1-41FD-9EAD-3314343612CE}.Release|Mixed Platforms.ActiveCfg = Release|x86
		{35AD749F-F5A1-41FD-9EAD-3314343612CE}.Release|Mixed Platforms.Build.0 = Release|x86
		{35AD749F-F5A1-41FD-9EAD-3314343612CE}.Release|x86.ActiveCfg = Release|x86
		{35AD749F-F5A1-41FD-9EAD-3314343612CE}.Release|x86.Build.0 = Release|x86
		{35AD749F-F5A1-41FD-9EAD-3314343612CE}.SingleImage|Any CPU.ActiveCfg = Release|x86
		{35AD749F-F5A1-41FD-9EAD-3314343612CE}.SingleImage|Mixed Platforms.ActiveCfg = Release|x86
		{35AD749F-F5A1-41FD-9EAD-3314343612CE}.SingleImage|Mixed Platforms.Build.0 = Release|x86
		{35AD749F-F5A1-41FD-9EAD-3314343612CE}.SingleImage|x86.ActiveCfg = Release|x86
		{35AD749F-F5A1-41FD-9EAD-3314343612CE}.SingleImage|x86.Build.0 = Release|x86
		{9CAE6261-3E0A-4550-8C7A-DEE4B7E6E10B}.CD_ROM|Any CPU.ActiveCfg = Release|Any CPU
		{9CAE6261-3E0A-4550-8C7A-DEE4B7E6E10B}.CD_ROM|Any CPU.Build.0 = Release|Any CPU
		{9CAE6261-3E0A-4550-8C7A-DEE4B7E6E10B}.CD_ROM|Mixed Platforms.ActiveCfg = Release|Any CPU
		{9CAE6261-3E0A-4550-8C7A-DEE4B7E6E10B}.CD_ROM|Mixed Platforms.Build.0 = Release|Any CPU
		{9CAE6261-3E0A-4550-8C7A-DEE4B7E6E10B}.CD_ROM|x86.ActiveCfg = Release|Any CPU
		{9CAE6261-3E0A-4550-8C7A-DEE4B7E6E10B}.Debug|Any CPU.ActiveCfg = Debug|Any CPU
		{9CAE6261-3E0A-4550-8C7A-DEE4B7E6E10B}.Debug|Any CPU.Build.0 = Debug|Any CPU
		{9CAE6261-3E0A-4550-8C7A-DEE4B7E6E10B}.Debug|Mixed Platforms.ActiveCfg = Debug|Any CPU
		{9CAE6261-3E0A-4550-8C7A-DEE4B7E6E10B}.Debug|Mixed Platforms.Build.0 = Debug|Any CPU
		{9CAE6261-3E0A-4550-8C7A-DEE4B7E6E10B}.Debug|x86.ActiveCfg = Debug|Any CPU
		{9CAE6261-3E0A-4550-8C7A-DEE4B7E6E10B}.DVD-5|Any CPU.ActiveCfg = Debug|Any CPU
		{9CAE6261-3E0A-4550-8C7A-DEE4B7E6E10B}.DVD-5|Any CPU.Build.0 = Debug|Any CPU
		{9CAE6261-3E0A-4550-8C7A-DEE4B7E6E10B}.DVD-5|Mixed Platforms.ActiveCfg = Debug|Any CPU
		{9CAE6261-3E0A-4550-8C7A-DEE4B7E6E10B}.DVD-5|Mixed Platforms.Build.0 = Debug|Any CPU
		{9CAE6261-3E0A-4550-8C7A-DEE4B7E6E10B}.DVD-5|x86.ActiveCfg = Debug|Any CPU
		{9CAE6261-3E0A-4550-8C7A-DEE4B7E6E10B}.Release|Any CPU.ActiveCfg = Release|Any CPU
		{9CAE6261-3E0A-4550-8C7A-DEE4B7E6E10B}.Release|Any CPU.Build.0 = Release|Any CPU
		{9CAE6261-3E0A-4550-8C7A-DEE4B7E6E10B}.Release|Mixed Platforms.ActiveCfg = Release|Any CPU
		{9CAE6261-3E0A-4550-8C7A-DEE4B7E6E10B}.Release|Mixed Platforms.Build.0 = Release|Any CPU
		{9CAE6261-3E0A-4550-8C7A-DEE4B7E6E10B}.Release|x86.ActiveCfg = Release|Any CPU
		{9CAE6261-3E0A-4550-8C7A-DEE4B7E6E10B}.SingleImage|Any CPU.ActiveCfg = Release|Any CPU
		{9CAE6261-3E0A-4550-8C7A-DEE4B7E6E10B}.SingleImage|Any CPU.Build.0 = Release|Any CPU
		{9CAE6261-3E0A-4550-8C7A-DEE4B7E6E10B}.SingleImage|Mixed Platforms.ActiveCfg = Release|Any CPU
		{9CAE6261-3E0A-4550-8C7A-DEE4B7E6E10B}.SingleImage|Mixed Platforms.Build.0 = Release|Any CPU
		{9CAE6261-3E0A-4550-8C7A-DEE4B7E6E10B}.SingleImage|x86.ActiveCfg = Release|Any CPU
		{22BDB04D-7DEF-4D26-BB76-B184DBFB264F}.CD_ROM|Any CPU.ActiveCfg = CD_ROM
		{22BDB04D-7DEF-4D26-BB76-B184DBFB264F}.CD_ROM|Any CPU.Build.0 = CD_ROM
		{22BDB04D-7DEF-4D26-BB76-B184DBFB264F}.CD_ROM|Mixed Platforms.ActiveCfg = CD_ROM
		{22BDB04D-7DEF-4D26-BB76-B184DBFB264F}.CD_ROM|Mixed Platforms.Build.0 = CD_ROM
		{22BDB04D-7DEF-4D26-BB76-B184DBFB264F}.CD_ROM|x86.ActiveCfg = CD_ROM
		{22BDB04D-7DEF-4D26-BB76-B184DBFB264F}.CD_ROM|x86.Build.0 = CD_ROM
		{22BDB04D-7DEF-4D26-BB76-B184DBFB264F}.Debug|Any CPU.ActiveCfg = DVD-5
		{22BDB04D-7DEF-4D26-BB76-B184DBFB264F}.Debug|Any CPU.Build.0 = DVD-5
		{22BDB04D-7DEF-4D26-BB76-B184DBFB264F}.Debug|Mixed Platforms.ActiveCfg = DVD-5
		{22BDB04D-7DEF-4D26-BB76-B184DBFB264F}.Debug|Mixed Platforms.Build.0 = DVD-5
		{22BDB04D-7DEF-4D26-BB76-B184DBFB264F}.Debug|x86.ActiveCfg = DVD-5
		{22BDB04D-7DEF-4D26-BB76-B184DBFB264F}.Debug|x86.Build.0 = DVD-5
		{22BDB04D-7DEF-4D26-BB76-B184DBFB264F}.DVD-5|Any CPU.ActiveCfg = DVD-5
		{22BDB04D-7DEF-4D26-BB76-B184DBFB264F}.DVD-5|Any CPU.Build.0 = DVD-5
		{22BDB04D-7DEF-4D26-BB76-B184DBFB264F}.DVD-5|Mixed Platforms.ActiveCfg = DVD-5
		{22BDB04D-7DEF-4D26-BB76-B184DBFB264F}.DVD-5|Mixed Platforms.Build.0 = DVD-5
		{22BDB04D-7DEF-4D26-BB76-B184DBFB264F}.DVD-5|x86.ActiveCfg = DVD-5
		{22BDB04D-7DEF-4D26-BB76-B184DBFB264F}.DVD-5|x86.Build.0 = DVD-5
		{22BDB04D-7DEF-4D26-BB76-B184DBFB264F}.Release|Any CPU.ActiveCfg = SingleImage
		{22BDB04D-7DEF-4D26-BB76-B184DBFB264F}.Release|Any CPU.Build.0 = SingleImage
		{22BDB04D-7DEF-4D26-BB76-B184DBFB264F}.Release|Mixed Platforms.ActiveCfg = SingleImage
		{22BDB04D-7DEF-4D26-BB76-B184DBFB264F}.Release|Mixed Platforms.Build.0 = SingleImage
		{22BDB04D-7DEF-4D26-BB76-B184DBFB264F}.Release|x86.ActiveCfg = SingleImage
		{22BDB04D-7DEF-4D26-BB76-B184DBFB264F}.Release|x86.Build.0 = SingleImage
		{22BDB04D-7DEF-4D26-BB76-B184DBFB264F}.SingleImage|Any CPU.ActiveCfg = SingleImage
		{22BDB04D-7DEF-4D26-BB76-B184DBFB264F}.SingleImage|Any CPU.Build.0 = SingleImage
		{22BDB04D-7DEF-4D26-BB76-B184DBFB264F}.SingleImage|Mixed Platforms.ActiveCfg = SingleImage
		{22BDB04D-7DEF-4D26-BB76-B184DBFB264F}.SingleImage|Mixed Platforms.Build.0 = SingleImage
		{22BDB04D-7DEF-4D26-BB76-B184DBFB264F}.SingleImage|x86.ActiveCfg = SingleImage
		{22BDB04D-7DEF-4D26-BB76-B184DBFB264F}.SingleImage|x86.Build.0 = SingleImage
	EndGlobalSection
	GlobalSection(SolutionProperties) = preSolution
		HideSolutionNode = FALSE
	EndGlobalSection
EndGlobal
