<?xml version="1.0" encoding="utf-8"?>
<Project ToolsVersion="4.0" xmlns="http://schemas.microsoft.com/developer/msbuild/2003">
  <ItemGroup>
    <Filter Include="Source Files">
      <UniqueIdentifier>{4FC737F1-C7A5-4376-A066-2A32D752A2FF}</UniqueIdentifier>
      <Extensions>cpp;c;cc;cxx;def;odl;idl;hpj;bat;asm;asmx</Extensions>
    </Filter>
    <Filter Include="Header Files">
      <UniqueIdentifier>{93995380-89BD-4b04-88EB-625FBE52EBFB}</UniqueIdentifier>
      <Extensions>h;hpp;hxx;hm;inl;inc;xsd</Extensions>
    </Filter>
    <Filter Include="ClassDiagrams">
      <UniqueIdentifier>{9b107bdb-1eb6-48db-9bb4-8dd91c90bbf5}</UniqueIdentifier>
    </Filter>
  </ItemGroup>
  <ItemGroup>
    <ClCompile Include="source\ALSbaseClass.cpp">
      <Filter>Source Files</Filter>
    </ClCompile>
    <ClCompile Include="source\alsPrxI2cIo.cpp">
      <Filter>Source Files</Filter>
    </ClCompile>
    <ClCompile Include="source\avgStats.cpp">
      <Filter>Source Files</Filter>
    </ClCompile>
    <ClCompile Include="source\cApi.cpp">
      <Filter>Source Files</Filter>
    </ClCompile>
    <ClCompile Include="source\resMgr.cpp">
      <Filter>Source Files</Filter>
    </ClCompile>
    <ClCompile Include="source\registers.cpp">
      <Filter>Source Files</Filter>
    </ClCompile>
  </ItemGroup>
  <ItemGroup>
    <None Include="source\islTofRegDrv.def">
      <Filter>Source Files</Filter>
    </None>
    <None Include="vb6\clsIslTofRegDrv.bat">
      <Filter>Source Files</Filter>
    </None>
  </ItemGroup>
  <ItemGroup>
    <ClInclude Include="source\ALSbaseClass.h">
      <Filter>Header Files</Filter>
    </ClInclude>
    <ClInclude Include="source\alsPrxI2cIo.h">
      <Filter>Header Files</Filter>
    </ClInclude>
    <ClInclude Include="source\alsPrxTypes.h">
      <Filter>Header Files</Filter>
    </ClInclude>
    <ClInclude Include="source\avgStats.h">
      <Filter>Header Files</Filter>
    </ClInclude>
    <ClInclude Include="source\cApi.h">
      <Filter>Header Files</Filter>
    </ClInclude>
    <ClInclude Include="source\resMgr.h">
      <Filter>Header Files</Filter>
    </ClInclude>
    <ClInclude Include="source\stdafx.h">
      <Filter>Header Files</Filter>
    </ClInclude>
    <ClInclude Include="source\registers.h">
      <Filter>Header Files</Filter>
    </ClInclude>
  </ItemGroup>
</Project>