
Microsoft Visual Studio Solution File, Format Version 10.00
# Visual Studio 2008
Project("{F184B08F-C81C-45F6-A57F-5ABD9991F28F}") = "Simple.RGB", "Simple.RGB.vbproj", "{AAD8EE35-D24B-42B6-A939-C050A80F87ED}"
EndProject
Global
	GlobalSection(SolutionConfigurationPlatforms) = preSolution
		Debug|Any CPU = Debug|Any CPU
		Release|Any CPU = Release|Any CPU
	EndGlobalSection
	GlobalSection(ProjectConfigurationPlatforms) = postSolution
		{AAD8EE35-D24B-42B6-A939-C050A80F87ED}.Debug|Any CPU.ActiveCfg = Debug|Any CPU
		{AAD8EE35-D24B-42B6-A939-C050A80F87ED}.Debug|Any CPU.Build.0 = Debug|Any CPU
		{AAD8EE35-D24B-42B6-A939-C050A80F87ED}.Release|Any CPU.ActiveCfg = Release|Any CPU
		{AAD8EE35-D24B-42B6-A939-C050A80F87ED}.Release|Any CPU.Build.0 = Release|Any CPU
	EndGlobalSection
	GlobalSection(SolutionProperties) = preSolution
		HideSolutionNode = FALSE
	EndGlobalSection
EndGlobal
